
Microsoft Visual Studio Solution File, Format Version 12.00
# Visual Studio Version 16
VisualStudioVersion = 16.0.30804.86
MinimumVisualStudioVersion = 10.0.40219.1
Project("{FAE04EC0-301F-11D3-BF4B-00C04F79EFBC}") = "RazorPagesMovie", "RazorPagesMovie\RazorPagesMovie.csproj", "{814AD1E9-D45C-4A2D-91DF-8086C16AE5D5}"
EndProject
Global
	GlobalSection(SolutionConfigurationPlatforms) = preSolution
		Debug|Any CPU = Debug|Any CPU
		Release|Any CPU = Release|Any CPU
	EndGlobalSection
	GlobalSection(ProjectConfigurationPlatforms) = postSolution
		{814AD1E9-D45C-4A2D-91DF-8086C16AE5D5}.Debug|Any CPU.ActiveCfg = Debug|Any CPU
		{814AD1E9-D45C-4A2D-91DF-8086C16AE5D5}.Debug|Any CPU.Build.0 = Debug|Any CPU
		{814AD1E9-D45C-4A2D-91DF-8086C16AE5D5}.Release|Any CPU.ActiveCfg = Release|Any CPU
		{814AD1E9-D45C-4A2D-91DF-8086C16AE5D5}.Release|Any CPU.Build.0 = Release|Any CPU
	EndGlobalSection
	GlobalSection(SolutionProperties) = preSolution
		HideSolutionNode = FALSE
	EndGlobalSection
	GlobalSection(ExtensibilityGlobals) = postSolution
		SolutionGuid = {EB749662-16FC-4F43-8485-8835DB1849DF}
	EndGlobalSection
EndGlobal
